{
  "version": 4,
  "terraform_version": "1.5.7",
  "serial": 28,
  "lineage": "6ce9f422-acc9-af0d-e19b-9d6870ff4899",
  "outputs": {},
  "resources": [
    {
      "mode": "data",
      "type": "archive_file",
      "name": "lambda_zip",
      "provider": "provider[\"registry.terraform.io/hashicorp/archive\"]",
      "instances": [
        {
          "schema_version": 0,
          "attributes": {
            "exclude_symlink_directories": null,
            "excludes": null,
            "id": "9e6d5a94d9ecf8e2b017329eee039c1ae858ae4c",
            "output_base64sha256": "xEQ6Y1XtGzh5YOrJ8pXY2GFMlz6SbQMje0l9JAG5McA=",
            "output_base64sha512": "urRU1jINW/u5Da8e966bXJjgBhOqmGpoaimLyc90TG/brmu48kAPTSsoLx4u+HfPvZqJlUOSyLf+3XlhZJXsiA==",
            "output_file_mode": null,
            "output_md5": "5b215541de1ca696c45beaa93aa1fcd8",
            "output_path": "./lambda_function.zip",
            "output_sha": "9e6d5a94d9ecf8e2b017329eee039c1ae858ae4c",
            "output_sha256": "c4443a6355ed1b387960eac9f295d8d8614c973e926d03237b497d2401b931c0",
            "output_sha512": "bab454d6320d5bfbb90daf1ef7ae9b5c98e00613aa986a686a298bc9cf744c6fdbae6bb8f2400f4d2b282f1e2ef877cfbd9a89954392c8b7fedd79616495ec88",
            "output_size": 829,
            "source": [],
            "source_content": null,
            "source_content_filename": null,
            "source_dir": null,
            "source_file": "./lambda_function.py",
            "type": "zip"
          },
          "sensitive_attributes": []
        }
      ]
    },
    {
      "mode": "data",
      "type": "aws_caller_identity",
      "name": "aws-account-id",
      "provider": "provider[\"registry.terraform.io/hashicorp/aws\"]",
      "instances": [
        {
          "schema_version": 0,
          "attributes": {
            "account_id": "344515950067",
            "arn": "arn:aws:iam::344515950067:user/jallen",
            "id": "344515950067",
            "user_id": "AIDAVANWAGXZX2EQFOTPT"
          },
          "sensitive_attributes": []
        }
      ]
    },
    {
      "mode": "data",
      "type": "aws_iam_policy_document",
      "name": "lambda_assume_role_policy",
      "provider": "provider[\"registry.terraform.io/hashicorp/aws\"]",
      "instances": [
        {
          "schema_version": 0,
          "attributes": {
            "id": "3693445097",
            "json": "{\n  \"Version\": \"2012-10-17\",\n  \"Statement\": [\n    {\n      \"Sid\": \"\",\n      \"Effect\": \"Allow\",\n      \"Action\": \"sts:AssumeRole\",\n      \"Principal\": {\n        \"Service\": \"lambda.amazonaws.com\"\n      }\n    }\n  ]\n}",
            "override_json": null,
            "override_policy_documents": null,
            "policy_id": null,
            "source_json": null,
            "source_policy_documents": null,
            "statement": [
              {
                "actions": [
                  "sts:AssumeRole"
                ],
                "condition": [],
                "effect": "Allow",
                "not_actions": [],
                "not_principals": [],
                "not_resources": [],
                "principals": [
                  {
                    "identifiers": [
                      "lambda.amazonaws.com"
                    ],
                    "type": "Service"
                  }
                ],
                "resources": [],
                "sid": ""
              }
            ],
            "version": "2012-10-17"
          },
          "sensitive_attributes": []
        }
      ]
    },
    {
      "mode": "data",
      "type": "aws_iam_policy_document",
      "name": "lambda_exec_policy_doc",
      "provider": "provider[\"registry.terraform.io/hashicorp/aws\"]",
      "instances": [
        {
          "schema_version": 0,
          "attributes": {
            "id": "2261265653",
            "json": "{\n  \"Version\": \"2012-10-17\",\n  \"Statement\": [\n    {\n      \"Sid\": \"\",\n      \"Effect\": \"Allow\",\n      \"Action\": [\n        \"s3:GetObject\",\n        \"ec2:RunInstances\",\n        \"ec2:DescribeSnapshots\",\n        \"ec2:DescribeImages\",\n        \"ec2:AssociateAddress\",\n        \"ec2:AllocateAddress\"\n      ],\n      \"Resource\": \"*\"\n    }\n  ]\n}",
            "override_json": null,
            "override_policy_documents": null,
            "policy_id": null,
            "source_json": null,
            "source_policy_documents": null,
            "statement": [
              {
                "actions": [
                  "ec2:AllocateAddress",
                  "ec2:AssociateAddress",
                  "ec2:DescribeImages",
                  "ec2:DescribeSnapshots",
                  "ec2:RunInstances",
                  "s3:GetObject"
                ],
                "condition": [],
                "effect": "Allow",
                "not_actions": [],
                "not_principals": [],
                "not_resources": [],
                "principals": [],
                "resources": [
                  "*"
                ],
                "sid": ""
              }
            ],
            "version": "2012-10-17"
          },
          "sensitive_attributes": []
        }
      ]
    },
    {
      "mode": "managed",
      "type": "aws_ebs_snapshot",
      "name": "flag_snapshot",
      "provider": "provider[\"registry.terraform.io/hashicorp/aws\"]",
      "instances": [
        {
          "schema_version": 0,
          "attributes": {
            "arn": "arn:aws:ec2:us-east-1::snapshot/snap-0495fa9e27c20b5b5",
            "data_encryption_key_id": "",
            "description": "Snapshot containing the flag",
            "encrypted": false,
            "id": "snap-0495fa9e27c20b5b5",
            "kms_key_id": "",
            "outpost_arn": "",
            "owner_alias": "",
            "owner_id": "344515950067",
            "permanent_restore": null,
            "storage_tier": "standard",
            "tags": {
              "Name": "CloudGoat Flag Snapshot"
            },
            "tags_all": {
              "Name": "CloudGoat Flag Snapshot"
            },
            "temporary_restore_days": null,
            "timeouts": null,
            "volume_id": "vol-08f3defdf6b68613e",
            "volume_size": 10
          },
          "sensitive_attributes": [],
          "private": "eyJlMmJmYjczMC1lY2FhLTExZTYtOGY4OC0zNDM2M2JjN2M0YzAiOnsiY3JlYXRlIjo2MDAwMDAwMDAwMDAsImRlbGV0ZSI6NjAwMDAwMDAwMDAwfX0=",
          "dependencies": [
            "aws_ebs_volume.flag_volume",
            "aws_subnet.cg_public_subnet_1",
            "aws_vpc.cg_vpc"
          ]
        }
      ]
    },
    {
      "mode": "managed",
      "type": "aws_ebs_volume",
      "name": "flag_volume",
      "provider": "provider[\"registry.terraform.io/hashicorp/aws\"]",
      "instances": [
        {
          "schema_version": 0,
          "attributes": {
            "arn": "arn:aws:ec2:us-east-1:344515950067:volume/vol-08f3defdf6b68613e",
            "availability_zone": "us-east-1a",
            "encrypted": false,
            "final_snapshot": false,
            "id": "vol-08f3defdf6b68613e",
            "iops": 100,
            "kms_key_id": "",
            "multi_attach_enabled": false,
            "outpost_arn": "",
            "size": 10,
            "snapshot_id": "",
            "tags": {
              "Name": "CloudGoat Flag Volume"
            },
            "tags_all": {
              "Name": "CloudGoat Flag Volume"
            },
            "throughput": 0,
            "timeouts": null,
            "type": "gp2"
          },
          "sensitive_attributes": [],
          "private": "eyJlMmJmYjczMC1lY2FhLTExZTYtOGY4OC0zNDM2M2JjN2M0YzAiOnsiY3JlYXRlIjozMDAwMDAwMDAwMDAsImRlbGV0ZSI6MzAwMDAwMDAwMDAwLCJ1cGRhdGUiOjMwMDAwMDAwMDAwMH19",
          "dependencies": [
            "aws_subnet.cg_public_subnet_1",
            "aws_vpc.cg_vpc"
          ]
        }
      ]
    },
    {
      "mode": "managed",
      "type": "aws_iam_policy",
      "name": "lambda_exec_policy",
      "provider": "provider[\"registry.terraform.io/hashicorp/aws\"]",
      "instances": [
        {
          "schema_version": 0,
          "attributes": {
            "arn": "arn:aws:iam::344515950067:policy/LambdaExecutionPolicy",
            "description": "Allows the Lambda function to create EC2 instances from snapshots",
            "id": "arn:aws:iam::344515950067:policy/LambdaExecutionPolicy",
            "name": "LambdaExecutionPolicy",
            "name_prefix": "",
            "path": "/",
            "policy": "{\"Statement\":[{\"Action\":[\"s3:GetObject\",\"ec2:RunInstances\",\"ec2:DescribeSnapshots\",\"ec2:DescribeImages\",\"ec2:AssociateAddress\",\"ec2:AllocateAddress\"],\"Effect\":\"Allow\",\"Resource\":\"*\",\"Sid\":\"\"}],\"Version\":\"2012-10-17\"}",
            "policy_id": "ANPAVANWAGXZ6HY6DJZ4L",
            "tags": null,
            "tags_all": {}
          },
          "sensitive_attributes": [],
          "private": "bnVsbA==",
          "dependencies": [
            "data.aws_iam_policy_document.lambda_exec_policy_doc"
          ]
        }
      ]
    },
    {
      "mode": "managed",
      "type": "aws_iam_policy",
      "name": "lambda_invoke_policy",
      "provider": "provider[\"registry.terraform.io/hashicorp/aws\"]",
      "instances": [
        {
          "schema_version": 0,
          "attributes": {
            "arn": "arn:aws:iam::344515950067:policy/LambdaInvokePolicy",
            "description": "Allows invoking the Lambda function to restore EC2 instances from snapshots",
            "id": "arn:aws:iam::344515950067:policy/LambdaInvokePolicy",
            "name": "LambdaInvokePolicy",
            "name_prefix": "",
            "path": "/",
            "policy": "{\"Statement\":[{\"Action\":\"lambda:InvokeFunction\",\"Effect\":\"Allow\",\"Resource\":\"arn:aws:lambda:us-east-1:344515950067:function:RestoreSnapshot\"}],\"Version\":\"2012-10-17\"}",
            "policy_id": "ANPAVANWAGXZTCBPI2EF2",
            "tags": null,
            "tags_all": {}
          },
          "sensitive_attributes": [],
          "private": "bnVsbA==",
          "dependencies": [
            "aws_iam_role.lambda_exec_role",
            "aws_lambda_function.restore_snapshot",
            "data.archive_file.lambda_zip",
            "data.aws_iam_policy_document.lambda_assume_role_policy"
          ]
        }
      ]
    },
    {
      "mode": "managed",
      "type": "aws_iam_policy",
      "name": "lambda_update_policy",
      "provider": "provider[\"registry.terraform.io/hashicorp/aws\"]",
      "instances": [
        {
          "schema_version": 0,
          "attributes": {
            "arn": "arn:aws:iam::344515950067:policy/LambdaUpdatePolicy",
            "description": "Allows updating the Lambda function code",
            "id": "arn:aws:iam::344515950067:policy/LambdaUpdatePolicy",
            "name": "LambdaUpdatePolicy",
            "name_prefix": "",
            "path": "/",
            "policy": "{\"Statement\":[{\"Action\":[\"lambda:UpdateFunctionCode\",\"lambda:GetFunction\"],\"Effect\":\"Allow\",\"Resource\":\"arn:aws:lambda:us-east-1:344515950067:function:RestoreSnapshot\"}],\"Version\":\"2012-10-17\"}",
            "policy_id": "ANPAVANWAGXZR55GRVTYA",
            "tags": null,
            "tags_all": {}
          },
          "sensitive_attributes": [],
          "private": "bnVsbA==",
          "dependencies": [
            "aws_iam_role.lambda_exec_role",
            "aws_lambda_function.restore_snapshot",
            "data.archive_file.lambda_zip",
            "data.aws_iam_policy_document.lambda_assume_role_policy"
          ]
        }
      ]
    },
    {
      "mode": "managed",
      "type": "aws_iam_policy",
      "name": "restrict_snapshot_restore_policy",
      "provider": "provider[\"registry.terraform.io/hashicorp/aws\"]",
      "instances": [
        {
          "schema_version": 0,
          "attributes": {
            "arn": "arn:aws:iam::344515950067:policy/RestrictSnapshotRestorePolicy",
            "description": "Restricts permissions to restore EC2 snapshots directly",
            "id": "arn:aws:iam::344515950067:policy/RestrictSnapshotRestorePolicy",
            "name": "RestrictSnapshotRestorePolicy",
            "name_prefix": "",
            "path": "/",
            "policy": "{\"Statement\":[{\"Action\":\"ec2:RestoreSnapshot\",\"Effect\":\"Deny\",\"Resource\":\"*\"}],\"Version\":\"2012-10-17\"}",
            "policy_id": "ANPAVANWAGXZWRRFUTPYA",
            "tags": null,
            "tags_all": {}
          },
          "sensitive_attributes": [],
          "private": "bnVsbA=="
        }
      ]
    },
    {
      "mode": "managed",
      "type": "aws_iam_policy",
      "name": "s3_read_policy",
      "provider": "provider[\"registry.terraform.io/hashicorp/aws\"]",
      "instances": [
        {
          "schema_version": 0,
          "attributes": {
            "arn": "arn:aws:iam::344515950067:policy/S3ReadPolicy",
            "description": "Allows read access to the scenario S3 bucket",
            "id": "arn:aws:iam::344515950067:policy/S3ReadPolicy",
            "name": "S3ReadPolicy",
            "name_prefix": "",
            "path": "/",
            "policy": "{\"Statement\":[{\"Action\":\"s3:GetObject\",\"Effect\":\"Allow\",\"Resource\":\"arn:aws:s3:::cloudgoat-scenario-20240418160553416600000001/*\"}],\"Version\":\"2012-10-17\"}",
            "policy_id": "ANPAVANWAGXZ6ZDV3C7YB",
            "tags": null,
            "tags_all": {}
          },
          "sensitive_attributes": [],
          "private": "bnVsbA==",
          "dependencies": [
            "aws_s3_bucket.scenario_bucket"
          ]
        }
      ]
    },
    {
      "mode": "managed",
      "type": "aws_iam_role",
      "name": "lambda_exec_role",
      "provider": "provider[\"registry.terraform.io/hashicorp/aws\"]",
      "instances": [
        {
          "schema_version": 0,
          "attributes": {
            "arn": "arn:aws:iam::344515950067:role/LambdaExecutionRole",
            "assume_role_policy": "{\"Statement\":[{\"Action\":\"sts:AssumeRole\",\"Effect\":\"Allow\",\"Principal\":{\"Service\":\"lambda.amazonaws.com\"},\"Sid\":\"\"}],\"Version\":\"2012-10-17\"}",
            "create_date": "2024-04-18T16:05:53Z",
            "description": "",
            "force_detach_policies": false,
            "id": "LambdaExecutionRole",
            "inline_policy": [],
            "managed_policy_arns": [],
            "max_session_duration": 3600,
            "name": "LambdaExecutionRole",
            "name_prefix": "",
            "path": "/",
            "permissions_boundary": null,
            "role_last_used": [
              {
                "last_used_date": "",
                "region": ""
              }
            ],
            "tags": null,
            "tags_all": {},
            "unique_id": "AROAVANWAGXZXU7BANC2Q"
          },
          "sensitive_attributes": [],
          "private": "bnVsbA==",
          "dependencies": [
            "data.aws_iam_policy_document.lambda_assume_role_policy"
          ]
        }
      ]
    },
    {
      "mode": "managed",
      "type": "aws_iam_role_policy_attachment",
      "name": "lambda_exec_role_policy_attachment",
      "provider": "provider[\"registry.terraform.io/hashicorp/aws\"]",
      "instances": [
        {
          "schema_version": 0,
          "attributes": {
            "id": "LambdaExecutionRole-20240418160554103800000003",
            "policy_arn": "arn:aws:iam::344515950067:policy/LambdaExecutionPolicy",
            "role": "LambdaExecutionRole"
          },
          "sensitive_attributes": [],
          "private": "bnVsbA==",
          "dependencies": [
            "aws_iam_policy.lambda_exec_policy",
            "aws_iam_role.lambda_exec_role",
            "data.aws_iam_policy_document.lambda_assume_role_policy",
            "data.aws_iam_policy_document.lambda_exec_policy_doc"
          ]
        }
      ]
    },
    {
      "mode": "managed",
      "type": "aws_iam_user",
      "name": "ls_user",
      "provider": "provider[\"registry.terraform.io/hashicorp/aws\"]",
      "instances": [
        {
          "schema_version": 0,
          "attributes": {
            "arn": "arn:aws:iam::344515950067:user/ls-user",
            "force_destroy": false,
            "id": "ls-user",
            "name": "ls-user",
            "path": "/",
            "permissions_boundary": null,
            "tags": null,
            "tags_all": {},
            "unique_id": "AIDAVANWAGXZXGRXWEFSY"
          },
          "sensitive_attributes": [],
          "private": "bnVsbA=="
        }
      ]
    },
    {
      "mode": "managed",
      "type": "aws_iam_user_policy_attachment",
      "name": "ls_user_lambda_invoke_policy_attachment",
      "provider": "provider[\"registry.terraform.io/hashicorp/aws\"]",
      "instances": [
        {
          "schema_version": 0,
          "attributes": {
            "id": "ls-user-20240418160608804500000008",
            "policy_arn": "arn:aws:iam::344515950067:policy/LambdaInvokePolicy",
            "user": "ls-user"
          },
          "sensitive_attributes": [],
          "private": "bnVsbA==",
          "dependencies": [
            "aws_iam_policy.lambda_invoke_policy",
            "aws_iam_role.lambda_exec_role",
            "aws_iam_user.ls_user",
            "aws_lambda_function.restore_snapshot",
            "data.archive_file.lambda_zip",
            "data.aws_iam_policy_document.lambda_assume_role_policy"
          ]
        }
      ]
    },
    {
      "mode": "managed",
      "type": "aws_iam_user_policy_attachment",
      "name": "ls_user_lambda_update_policy_attachment",
      "provider": "provider[\"registry.terraform.io/hashicorp/aws\"]",
      "instances": [
        {
          "schema_version": 0,
          "attributes": {
            "id": "ls-user-20240418160608771900000007",
            "policy_arn": "arn:aws:iam::344515950067:policy/LambdaUpdatePolicy",
            "user": "ls-user"
          },
          "sensitive_attributes": [],
          "private": "bnVsbA==",
          "dependencies": [
            "aws_iam_policy.lambda_update_policy",
            "aws_iam_role.lambda_exec_role",
            "aws_iam_user.ls_user",
            "aws_lambda_function.restore_snapshot",
            "data.archive_file.lambda_zip",
            "data.aws_iam_policy_document.lambda_assume_role_policy"
          ]
        }
      ]
    },
    {
      "mode": "managed",
      "type": "aws_iam_user_policy_attachment",
      "name": "ls_user_restrict_snapshot_restore_policy_attachment",
      "provider": "provider[\"registry.terraform.io/hashicorp/aws\"]",
      "instances": [
        {
          "schema_version": 0,
          "attributes": {
            "id": "ls-user-20240418160554013500000002",
            "policy_arn": "arn:aws:iam::344515950067:policy/RestrictSnapshotRestorePolicy",
            "user": "ls-user"
          },
          "sensitive_attributes": [],
          "private": "bnVsbA==",
          "dependencies": [
            "aws_iam_policy.restrict_snapshot_restore_policy",
            "aws_iam_user.ls_user"
          ]
        }
      ]
    },
    {
      "mode": "managed",
      "type": "aws_iam_user_policy_attachment",
      "name": "ls_user_s3_read_policy_attachment",
      "provider": "provider[\"registry.terraform.io/hashicorp/aws\"]",
      "instances": [
        {
          "schema_version": 0,
          "attributes": {
            "id": "ls-user-20240418160555241900000004",
            "policy_arn": "arn:aws:iam::344515950067:policy/S3ReadPolicy",
            "user": "ls-user"
          },
          "sensitive_attributes": [],
          "private": "bnVsbA==",
          "dependencies": [
            "aws_iam_policy.s3_read_policy",
            "aws_iam_user.ls_user",
            "aws_s3_bucket.scenario_bucket"
          ]
        }
      ]
    },
    {
      "mode": "managed",
      "type": "aws_internet_gateway",
      "name": "cg_internet_gateway",
      "provider": "provider[\"registry.terraform.io/hashicorp/aws\"]",
      "instances": [
        {
          "schema_version": 0,
          "attributes": {
            "arn": "arn:aws:ec2:us-east-1:344515950067:internet-gateway/igw-0e9b75fd7c086e7dc",
            "id": "igw-0e9b75fd7c086e7dc",
            "owner_id": "344515950067",
            "tags": {
              "Name": "CloudGoat Internet Gateway"
            },
            "tags_all": {
              "Name": "CloudGoat Internet Gateway"
            },
            "timeouts": null,
            "vpc_id": "vpc-090f7de7f471351bc"
          },
          "sensitive_attributes": [],
          "private": "eyJlMmJmYjczMC1lY2FhLTExZTYtOGY4OC0zNDM2M2JjN2M0YzAiOnsiY3JlYXRlIjoxMjAwMDAwMDAwMDAwLCJkZWxldGUiOjEyMDAwMDAwMDAwMDAsInVwZGF0ZSI6MTIwMDAwMDAwMDAwMH19",
          "dependencies": [
            "aws_vpc.cg_vpc"
          ]
        }
      ]
    },
    {
      "mode": "managed",
      "type": "aws_key_pair",
      "name": "ec2_key_pair",
      "provider": "provider[\"registry.terraform.io/hashicorp/aws\"]",
      "instances": [
        {
          "schema_version": 1,
          "attributes": {
            "arn": "arn:aws:ec2:us-east-1:344515950067:key-pair/cloudgoat-scenario-key",
            "fingerprint": "3f:11:97:23:f4:d9:2f:12:d6:10:9f:4f:73:83:cd:99",
            "id": "cloudgoat-scenario-key",
            "key_name": "cloudgoat-scenario-key",
            "key_name_prefix": "",
            "key_pair_id": "key-0536331ba3774a8c3",
            "key_type": "rsa",
            "public_key": "ssh-rsa AAAAB3NzaC1yc2EAAAADAQABAAACAQCYakY1hk6uSo6BYnECBVQF97lIx15PYjGvq5V0JjK9hvfgSWS63bORxHpIyt7ooYOzKafq3ypxpAZFt6xjj1IUNFsnTPZoIAC2dVRcQRSzNHOPiDK7DWSDL+l2VIpx2IeNMsLYZID37bFNAocQtQITjBr87FCfSNjOzgtRvsrTaP6Wu/+xmJ7p3IQ9LyDbgfpBnw+LbT8LuIyQHw09Lk2C/2fnlmG9wXZeLvolMOXmc8/1y95IQuos9T2md/MkhbY+7IdIk9v2dpEaiiTgrgYILe6uJIt+L/cZ3c9F0828uDtMnXfz6XlI27BtAUzLunRHHPWWNH6xVIb7UN2otUkB/bn0wzT38B94tnC+a3KMFlyObZK9vzgwZQ6K/5w7hcYi6vABLYSY1ltjmPCAjItzsW2N2J52hOIwxFPe90G0iV1FTOaJXIMg5qYkPHn6RLXZnCbfNt+/XhEHLio8dXL4GQYCculqRB8m72vK1uywiUEA0QiPVMmfnfDWtLHaFlNbeqN/g1osPOj0OpYOmr4qIOUpev+fnJbMq9cxaOjSJjZVNNTcdOsvH/zncyMYdll/tRq1pHsR/Wb/Ik9aGxulE3RsCYZuHOfjbPSIrNw6vPrEE96+HcYcPxYelfaemjfi4RzBh5VYlx9YRL9Ixeo80OzwS3TqePoLu/mo/E3wrQ==",
            "tags": null,
            "tags_all": {}
          },
          "sensitive_attributes": [],
          "private": "eyJzY2hlbWFfdmVyc2lvbiI6IjEifQ==",
          "dependencies": [
            "tls_private_key.ssh_key"
          ]
        }
      ]
    },
    {
      "mode": "managed",
      "type": "aws_lambda_function",
      "name": "restore_snapshot",
      "provider": "provider[\"registry.terraform.io/hashicorp/aws\"]",
      "instances": [
        {
          "schema_version": 0,
          "attributes": {
            "architectures": [
              "x86_64"
            ],
            "arn": "arn:aws:lambda:us-east-1:344515950067:function:RestoreSnapshot",
            "code_signing_config_arn": "",
            "dead_letter_config": [],
            "description": "",
            "environment": [],
            "ephemeral_storage": [
              {
                "size": 512
              }
            ],
            "file_system_config": [],
            "filename": "./lambda_function.zip",
            "function_name": "RestoreSnapshot",
            "handler": "lambda_function.lambda_handler",
            "id": "RestoreSnapshot",
            "image_config": [],
            "image_uri": "",
            "invoke_arn": "arn:aws:apigateway:us-east-1:lambda:path/2015-03-31/functions/arn:aws:lambda:us-east-1:344515950067:function:RestoreSnapshot/invocations",
            "kms_key_arn": "",
            "last_modified": "2024-04-18T16:06:02.733+0000",
            "layers": null,
            "memory_size": 128,
            "package_type": "Zip",
            "publish": false,
            "qualified_arn": "arn:aws:lambda:us-east-1:344515950067:function:RestoreSnapshot:$LATEST",
            "qualified_invoke_arn": "arn:aws:apigateway:us-east-1:lambda:path/2015-03-31/functions/arn:aws:lambda:us-east-1:344515950067:function:RestoreSnapshot:$LATEST/invocations",
            "replace_security_groups_on_destroy": null,
            "replacement_security_group_ids": null,
            "reserved_concurrent_executions": -1,
            "role": "arn:aws:iam::344515950067:role/LambdaExecutionRole",
            "runtime": "python3.9",
            "s3_bucket": null,
            "s3_key": null,
            "s3_object_version": null,
            "signing_job_arn": "",
            "signing_profile_version_arn": "",
            "skip_destroy": false,
            "snap_start": [],
            "source_code_hash": "xEQ6Y1XtGzh5YOrJ8pXY2GFMlz6SbQMje0l9JAG5McA=",
            "source_code_size": 829,
            "tags": null,
            "tags_all": {},
            "timeout": 300,
            "timeouts": null,
            "tracing_config": [
              {
                "mode": "PassThrough"
              }
            ],
            "version": "$LATEST",
            "vpc_config": []
          },
          "sensitive_attributes": [],
          "private": "eyJlMmJmYjczMC1lY2FhLTExZTYtOGY4OC0zNDM2M2JjN2M0YzAiOnsiY3JlYXRlIjo2MDAwMDAwMDAwMDAsImRlbGV0ZSI6NjAwMDAwMDAwMDAwLCJ1cGRhdGUiOjYwMDAwMDAwMDAwMH19",
          "dependencies": [
            "aws_iam_role.lambda_exec_role",
            "data.archive_file.lambda_zip",
            "data.aws_iam_policy_document.lambda_assume_role_policy"
          ]
        }
      ]
    },
    {
      "mode": "managed",
      "type": "aws_route_table",
      "name": "public_route_table",
      "provider": "provider[\"registry.terraform.io/hashicorp/aws\"]",
      "instances": [
        {
          "schema_version": 0,
          "attributes": {
            "arn": "arn:aws:ec2:us-east-1:344515950067:route-table/rtb-08b349684cd13c448",
            "id": "rtb-08b349684cd13c448",
            "owner_id": "344515950067",
            "propagating_vgws": [],
            "route": [
              {
                "carrier_gateway_id": "",
                "cidr_block": "0.0.0.0/0",
                "core_network_arn": "",
                "destination_prefix_list_id": "",
                "egress_only_gateway_id": "",
                "gateway_id": "igw-0e9b75fd7c086e7dc",
                "instance_id": "",
                "ipv6_cidr_block": "",
                "local_gateway_id": "",
                "nat_gateway_id": "",
                "network_interface_id": "",
                "transit_gateway_id": "",
                "vpc_endpoint_id": "",
                "vpc_peering_connection_id": ""
              }
            ],
            "tags": {
              "Name": "CloudGoat Public Route Table"
            },
            "tags_all": {
              "Name": "CloudGoat Public Route Table"
            },
            "timeouts": null,
            "vpc_id": "vpc-090f7de7f471351bc"
          },
          "sensitive_attributes": [],
          "private": "eyJlMmJmYjczMC1lY2FhLTExZTYtOGY4OC0zNDM2M2JjN2M0YzAiOnsiY3JlYXRlIjozMDAwMDAwMDAwMDAsImRlbGV0ZSI6MzAwMDAwMDAwMDAwLCJ1cGRhdGUiOjEyMDAwMDAwMDAwMH19",
          "dependencies": [
            "aws_internet_gateway.cg_internet_gateway",
            "aws_vpc.cg_vpc"
          ]
        }
      ]
    },
    {
      "mode": "managed",
      "type": "aws_route_table_association",
      "name": "public_subnet_association_1",
      "provider": "provider[\"registry.terraform.io/hashicorp/aws\"]",
      "instances": [
        {
          "schema_version": 0,
          "attributes": {
            "gateway_id": "",
            "id": "rtbassoc-05a71640a39842219",
            "route_table_id": "rtb-08b349684cd13c448",
            "subnet_id": "subnet-0a30153b533ff093d",
            "timeouts": null
          },
          "sensitive_attributes": [],
          "private": "eyJlMmJmYjczMC1lY2FhLTExZTYtOGY4OC0zNDM2M2JjN2M0YzAiOnsiY3JlYXRlIjozMDAwMDAwMDAwMDAsImRlbGV0ZSI6MzAwMDAwMDAwMDAwLCJ1cGRhdGUiOjEyMDAwMDAwMDAwMH19",
          "dependencies": [
            "aws_internet_gateway.cg_internet_gateway",
            "aws_route_table.public_route_table",
            "aws_subnet.cg_public_subnet_1",
            "aws_vpc.cg_vpc"
          ]
        }
      ]
    },
    {
      "mode": "managed",
      "type": "aws_route_table_association",
      "name": "public_subnet_association_2",
      "provider": "provider[\"registry.terraform.io/hashicorp/aws\"]",
      "instances": [
        {
          "schema_version": 0,
          "attributes": {
            "gateway_id": "",
            "id": "rtbassoc-0951c51f46030719c",
            "route_table_id": "rtb-08b349684cd13c448",
            "subnet_id": "subnet-070eb42249b11fb54",
            "timeouts": null
          },
          "sensitive_attributes": [],
          "private": "eyJlMmJmYjczMC1lY2FhLTExZTYtOGY4OC0zNDM2M2JjN2M0YzAiOnsiY3JlYXRlIjozMDAwMDAwMDAwMDAsImRlbGV0ZSI6MzAwMDAwMDAwMDAwLCJ1cGRhdGUiOjEyMDAwMDAwMDAwMH19",
          "dependencies": [
            "aws_internet_gateway.cg_internet_gateway",
            "aws_route_table.public_route_table",
            "aws_subnet.cg_public_subnet_2",
            "aws_vpc.cg_vpc"
          ]
        }
      ]
    },
    {
      "mode": "managed",
      "type": "aws_s3_bucket",
      "name": "scenario_bucket",
      "provider": "provider[\"registry.terraform.io/hashicorp/aws\"]",
      "instances": [
        {
          "schema_version": 0,
          "attributes": {
            "acceleration_status": "",
            "acl": "private",
            "arn": "arn:aws:s3:::cloudgoat-scenario-20240418160553416600000001",
            "bucket": "cloudgoat-scenario-20240418160553416600000001",
            "bucket_domain_name": "cloudgoat-scenario-20240418160553416600000001.s3.amazonaws.com",
            "bucket_prefix": "cloudgoat-scenario-",
            "bucket_regional_domain_name": "cloudgoat-scenario-20240418160553416600000001.s3.amazonaws.com",
            "cors_rule": [],
            "force_destroy": true,
            "grant": [
              {
                "id": "640fd7324ba5cbd4ab5e329af13c8b91694b328582d9304579ae4b113cc5e914",
                "permissions": [
                  "FULL_CONTROL"
                ],
                "type": "CanonicalUser",
                "uri": ""
              }
            ],
            "hosted_zone_id": "Z3AQBSTGFYJSTF",
            "id": "cloudgoat-scenario-20240418160553416600000001",
            "lifecycle_rule": [],
            "logging": [],
            "object_lock_configuration": [],
            "object_lock_enabled": false,
            "policy": "",
            "region": "us-east-1",
            "replication_configuration": [],
            "request_payer": "BucketOwner",
            "server_side_encryption_configuration": [
              {
                "rule": [
                  {
                    "apply_server_side_encryption_by_default": [
                      {
                        "kms_master_key_id": "",
                        "sse_algorithm": "AES256"
                      }
                    ],
                    "bucket_key_enabled": false
                  }
                ]
              }
            ],
            "tags": null,
            "tags_all": {},
            "timeouts": null,
            "versioning": [
              {
                "enabled": false,
                "mfa_delete": false
              }
            ],
            "website": [],
            "website_domain": null,
            "website_endpoint": null
          },
          "sensitive_attributes": [],
          "private": "eyJlMmJmYjczMC1lY2FhLTExZTYtOGY4OC0zNDM2M2JjN2M0YzAiOnsiY3JlYXRlIjoxMjAwMDAwMDAwMDAwLCJkZWxldGUiOjM2MDAwMDAwMDAwMDAsInJlYWQiOjEyMDAwMDAwMDAwMDAsInVwZGF0ZSI6MTIwMDAwMDAwMDAwMH19"
        }
      ]
    },
    {
      "mode": "managed",
      "type": "aws_s3_object",
      "name": "ssh_key_object",
      "provider": "provider[\"registry.terraform.io/hashicorp/aws\"]",
      "instances": [
        {
          "schema_version": 0,
          "attributes": {
            "acl": "private",
            "bucket": "cloudgoat-scenario-20240418160553416600000001",
            "bucket_key_enabled": false,
            "cache_control": "",
            "content": "-----BEGIN RSA PRIVATE KEY-----\nMIIJKAIBAAKCAgEAmGpGNYZOrkqOgWJxAgVUBfe5SMdeT2Ixr6uVdCYyvYb34Elk\nut2zkcR6SMre6KGDsymn6t8qcaQGRbesY49SFDRbJ0z2aCAAtnVUXEEUszRzj4gy\nuw1kgy/pdlSKcdiHjTLC2GSA9+2xTQKHELUCE4wa/OxQn0jYzs4LUb7K02j+lrv/\nsZie6dyEPS8g24H6QZ8Pi20/C7iMkB8NPS5Ngv9n55ZhvcF2Xi76JTDl5nPP9cve\nSELqLPU9pnfzJIW2PuyHSJPb9naRGook4K4GCC3uriSLfi/3Gd3PRdPNvLg7TJ13\n8+l5SNuwbQFMy7p0Rxz1ljR+sVSG+1DdqLVJAf259MM09/AfeLZwvmtyjBZcjm2S\nvb84MGUOiv+cO4XGIurwAS2EmNZbY5jwgIyLc7FtjdiedoTiMMRT3vdBtIldRUzm\niVyDIOamJDx5+kS12Zwm3zbfv14RBy4qPHVy+BkGAnLpakQfJu9rytbssIlBANEI\nj1TJn53w1rSx2hZTW3qjf4NaLDzo9DqWDpq+KiDlKXr/n5yWzKvXMWjo0iY2VTTU\n3HTrLx/853MjGHZZf7UataR7Ef1m/yJPWhsbpRN0bAmGbhzn42z0iKzcOrz6xBPe\nvh3GHD8WHpX2npo34uEcwYeVWJcfWES/SMXqPNDs8Et06nj6C7v5qPxN8K0CAwEA\nAQKCAgA5XAWAL0N9JGHtH3cYI5kzhb8dPKqphXLdgd2FELsXyKuQpQ5bpQPnX+IF\ncxPgyKgfzRV8tu/qRKh3pGAkN9PT9sA3UieJmEGsaQuOjI+Vwa+b3M36x1eEZ4ud\nFMPlhG+/G9NoTKqco7+OE91w1C4r3RZrCSRuTaQKcFCiOwNp/KGTaL0ZwS5NJMg/\nnnTnJ0tfVtUqy7pmVtXPh2AcHkjde/FGnrm6CAzb9SH+zSA4Um15O3g0CbrHoKPK\n+mlu3UNw+uMO1VZ6srR5IHQwek2a1m506xv0KWj9OxS+Wq+azlrCwqBaEwup98O1\nwj98jHcmLCfgl3D2m7EQ86X30AHhQUUFvqEcod7HfBGNlEfD5DVRrAkV0DdRP/VG\ntdUNfrFNZbc1mYc+7ChW9cpksx+nkNGZ8Pad01MD1b477Dbo2/aTPSiTk0zJhaY9\nw64fjReU44qgBtjHlum59Kk9Lc+at5ty6OwykR67t6qPNYoOesmjxx1kDgQw7d+j\n/z02dUaU8Wzcpoh8k9EaKt1a6orHaIYXDMT/IZ4F6q21KbbL3b61N5aD66x5lDE/\nMaI1W0LBQsrLG4wVA5sgyKKkUIXg0biK75ct7tp7nKGhTksIOuT7js1Ljyg80rHn\nVmuBq5gpfaqzPKN4UCYW8lIo2x00eoQ3wRopRSY3pd9ufYt5oQKCAQEAxvzYnEqV\nEHnQyI+bgHMDozn0v6D4z6d1oPgW3DYzL1cx0atWzl/LyieokNTKhYTJz66PjNaD\nbeMYM5frrXwAAgTcOJ2iQjQRpKFqmPUoE9M/q/7J5liddfyG6ac7Q5UR6PUQNyyg\ns+YlA2mvy6M2CEICgAoLl7M8I+rUUeOC+6tjODc3cZxHMXZdqAUCaDylSBK8vsCD\n4UtJn+fxCXJMfnMkkWPV3oIQiVp3tUwG2APLMKw155Chc/LCOHkdZx6QLaTt0xXU\n+DjD5OYMcFfkER3UkbB5BUC8eX3ap+ts41NhyTQNw40IL+tZjZrgOBB4F8mvTNqV\n2SfSshSCbuQvwwKCAQEAxBV4czzOn5dG1KAvZVZ4TK1K3T8OfgB7Fbo26JHskJIw\njGQvTfzwYru2EaSx0YFyKOVTy+ZacxMdyeys2SVknkTnwOCE1LiMXiuM8gfRfkih\ny0sros7kTAqxm5VWJoY1KcZFTpiMJQJ8VWYXuLxxEg8IxWYHEPOGP0+kkSCnIABM\nCu+qGX5sRATrJSFN4TzT8iyF8tea38b9xDykhTQJDd66KevMsFBR+xQpIY1CotFM\nf6gQkelas6KGxsKW2Oq3fIG5FXPcwUkhHkwekpSLwLvnP6j4/RRnYXdx7a6brX2R\n46LGybE9rraz+o5UUlV/DxKfhG/f4gGWKZ/acJRGzwKCAQBEiy5WT/6fCUcY/xbS\nnUvAeyNKqzlp1kZXp33AZ08kXIXFsp6ZQjhhr12KXjJQ4dfemUPLgM0PGi3o/8jo\nHpGmIGR3gB03btYw/oVIoRIoGhmRtpd3qEi9LrqOW9O3SO89bsUiLFZDAeD4Fvy+\nSb9AAvT3g/5QSCZMPQTcHGGvLW9lGugXU3zWle5XBTq6C0Hn3MR1dL046wU2dt/5\noAyndiQ/jMNL/UOS/L3FjqXA3TWt03RSCukClrm+WEH/lnCVuH1Pu/J7eppIC9J3\nFF90YfEqKj7Vx2Hk+6xJMXh1qfBCLZMcLEWItCpJ8/KOfWXQ0+F1uMnrXqNeQmBX\nsHSfAoIBAQCl3v/Ag+zKJf8d+M9/KxGi02kkFaZdwmxcqeSvAloaxf/ZkxpNH639\n54qSDD772kPHAo/LSXa0J7SoTtS88BvYorNlfsf+5oqfUrntN93otOpg/ZrRI7EN\n/nHWChMRjbBFQVr5rKPI3vxshWuFs6r2us8RpUhO96JVxjqRJg0aTgYFrk23OTG+\nrGZ6R10JLxqfnzhEgEycBko/CYmmwKj0Gbhjo/vIHnnrKlfM8SEweFr9Fh/GPp+i\nm9blJlDS+GL1KQt3cUaKHyGr7npiRtSd2pY5TOgrtmnpklBG3tEEhte1t8nvbkae\nmCFRz7rW10ofZwKX1seN+Qec+IOhfl0TAoIBAGNl4ue58OZTYTTiV8SC0J6jxqe4\nnt5BdHijxSnVO+kNTp1ngBmKnLFOjGEirYSbMVC2dBEOmyiYCBucuT6FeBIqLj2V\nUtAsq4im4kOFX3OLueR6JrYOGQ4MOMq//pv45PHyqbf4Srj5AZ+GzU1Z64JpUpDE\nTo9ik00+jBHLkhpQw9Rx/fwfuqXgQw3y4niCP3cj8JR1TZwNfuEecsMCbZG6O22s\na2RDY2Yh5k8icdL7W2xBp9u1amniRIENWW+aT92Yp6a04aHT8ysVLPkUXoN9bvVu\nqti3mrV+uBnLRSzovoYk3JkuxW8tjFBSL/4JpovZVTa85QkU01odHKvmwwY=\n-----END RSA PRIVATE KEY-----\n",
            "content_base64": null,
            "content_disposition": "",
            "content_encoding": "",
            "content_language": "",
            "content_type": "binary/octet-stream",
            "etag": "fda64db47a47662a8423fd4c2cd839ab",
            "force_destroy": false,
            "id": "ssh_key",
            "key": "ssh_key",
            "kms_key_id": null,
            "metadata": null,
            "object_lock_legal_hold_status": "",
            "object_lock_mode": "",
            "object_lock_retain_until_date": "",
            "server_side_encryption": "AES256",
            "source": null,
            "source_hash": null,
            "storage_class": "STANDARD",
            "tags": null,
            "tags_all": {},
            "version_id": "",
            "website_redirect": ""
          },
          "sensitive_attributes": [
            [
              {
                "type": "get_attr",
                "value": "content"
              }
            ]
          ],
          "private": "bnVsbA==",
          "dependencies": [
            "aws_s3_bucket.scenario_bucket",
            "tls_private_key.ssh_key"
          ]
        }
      ]
    },
    {
      "mode": "managed",
      "type": "aws_security_group",
      "name": "ec2_security_group",
      "provider": "provider[\"registry.terraform.io/hashicorp/aws\"]",
      "instances": [
        {
          "schema_version": 1,
          "attributes": {
            "arn": "arn:aws:ec2:us-east-1:344515950067:security-group/sg-0af88ce14195042a9",
            "description": "Managed by Terraform",
            "egress": [
              {
                "cidr_blocks": [
                  "0.0.0.0/0"
                ],
                "description": "",
                "from_port": 0,
                "ipv6_cidr_blocks": [],
                "prefix_list_ids": [],
                "protocol": "-1",
                "security_groups": [],
                "self": false,
                "to_port": 0
              }
            ],
            "id": "sg-0af88ce14195042a9",
            "ingress": [
              {
                "cidr_blocks": [
                  "0.0.0.0/0"
                ],
                "description": "",
                "from_port": 22,
                "ipv6_cidr_blocks": [],
                "prefix_list_ids": [],
                "protocol": "tcp",
                "security_groups": [],
                "self": false,
                "to_port": 22
              }
            ],
            "name": "cloudgoat-ec2-20240418160605830500000005",
            "name_prefix": "cloudgoat-ec2-",
            "owner_id": "344515950067",
            "revoke_rules_on_delete": false,
            "tags": null,
            "tags_all": {},
            "timeouts": null,
            "vpc_id": "vpc-090f7de7f471351bc"
          },
          "sensitive_attributes": [],
          "private": "eyJlMmJmYjczMC1lY2FhLTExZTYtOGY4OC0zNDM2M2JjN2M0YzAiOnsiY3JlYXRlIjo2MDAwMDAwMDAwMDAsImRlbGV0ZSI6OTAwMDAwMDAwMDAwfSwic2NoZW1hX3ZlcnNpb24iOiIxIn0=",
          "dependencies": [
            "aws_vpc.cg_vpc"
          ]
        }
      ]
    },
    {
      "mode": "managed",
      "type": "aws_subnet",
      "name": "cg_public_subnet_1",
      "provider": "provider[\"registry.terraform.io/hashicorp/aws\"]",
      "instances": [
        {
          "schema_version": 1,
          "attributes": {
            "arn": "arn:aws:ec2:us-east-1:344515950067:subnet/subnet-0a30153b533ff093d",
            "assign_ipv6_address_on_creation": false,
            "availability_zone": "us-east-1a",
            "availability_zone_id": "use1-az1",
            "cidr_block": "10.10.10.0/24",
            "customer_owned_ipv4_pool": "",
            "enable_dns64": false,
            "enable_lni_at_device_index": 0,
            "enable_resource_name_dns_a_record_on_launch": false,
            "enable_resource_name_dns_aaaa_record_on_launch": false,
            "id": "subnet-0a30153b533ff093d",
            "ipv6_cidr_block": "",
            "ipv6_cidr_block_association_id": "",
            "ipv6_native": false,
            "map_customer_owned_ip_on_launch": false,
            "map_public_ip_on_launch": false,
            "outpost_arn": "",
            "owner_id": "344515950067",
            "private_dns_hostname_type_on_launch": "ip-name",
            "tags": {
              "Name": "CloudGoat Public Subnet #1"
            },
            "tags_all": {
              "Name": "CloudGoat Public Subnet #1"
            },
            "timeouts": null,
            "vpc_id": "vpc-090f7de7f471351bc"
          },
          "sensitive_attributes": [],
          "private": "eyJlMmJmYjczMC1lY2FhLTExZTYtOGY4OC0zNDM2M2JjN2M0YzAiOnsiY3JlYXRlIjo2MDAwMDAwMDAwMDAsImRlbGV0ZSI6MTIwMDAwMDAwMDAwMH0sInNjaGVtYV92ZXJzaW9uIjoiMSJ9",
          "dependencies": [
            "aws_vpc.cg_vpc"
          ]
        }
      ]
    },
    {
      "mode": "managed",
      "type": "aws_subnet",
      "name": "cg_public_subnet_2",
      "provider": "provider[\"registry.terraform.io/hashicorp/aws\"]",
      "instances": [
        {
          "schema_version": 1,
          "attributes": {
            "arn": "arn:aws:ec2:us-east-1:344515950067:subnet/subnet-070eb42249b11fb54",
            "assign_ipv6_address_on_creation": false,
            "availability_zone": "us-east-1b",
            "availability_zone_id": "use1-az2",
            "cidr_block": "10.10.20.0/24",
            "customer_owned_ipv4_pool": "",
            "enable_dns64": false,
            "enable_lni_at_device_index": 0,
            "enable_resource_name_dns_a_record_on_launch": false,
            "enable_resource_name_dns_aaaa_record_on_launch": false,
            "id": "subnet-070eb42249b11fb54",
            "ipv6_cidr_block": "",
            "ipv6_cidr_block_association_id": "",
            "ipv6_native": false,
            "map_customer_owned_ip_on_launch": false,
            "map_public_ip_on_launch": false,
            "outpost_arn": "",
            "owner_id": "344515950067",
            "private_dns_hostname_type_on_launch": "ip-name",
            "tags": {
              "Name": "CloudGoat Public Subnet #2"
            },
            "tags_all": {
              "Name": "CloudGoat Public Subnet #2"
            },
            "timeouts": null,
            "vpc_id": "vpc-090f7de7f471351bc"
          },
          "sensitive_attributes": [],
          "private": "eyJlMmJmYjczMC1lY2FhLTExZTYtOGY4OC0zNDM2M2JjN2M0YzAiOnsiY3JlYXRlIjo2MDAwMDAwMDAwMDAsImRlbGV0ZSI6MTIwMDAwMDAwMDAwMH0sInNjaGVtYV92ZXJzaW9uIjoiMSJ9",
          "dependencies": [
            "aws_vpc.cg_vpc"
          ]
        }
      ]
    },
    {
      "mode": "managed",
      "type": "aws_vpc",
      "name": "cg_vpc",
      "provider": "provider[\"registry.terraform.io/hashicorp/aws\"]",
      "instances": [
        {
          "schema_version": 1,
          "attributes": {
            "arn": "arn:aws:ec2:us-east-1:344515950067:vpc/vpc-090f7de7f471351bc",
            "assign_generated_ipv6_cidr_block": false,
            "cidr_block": "10.10.0.0/16",
            "default_network_acl_id": "acl-08094a092b2c1da22",
            "default_route_table_id": "rtb-035467485e62ef447",
            "default_security_group_id": "sg-0f65e803c1edfbf7d",
            "dhcp_options_id": "dopt-1b2e407c",
            "enable_classiclink": false,
            "enable_classiclink_dns_support": false,
            "enable_dns_hostnames": true,
            "enable_dns_support": true,
            "enable_network_address_usage_metrics": false,
            "id": "vpc-090f7de7f471351bc",
            "instance_tenancy": "default",
            "ipv4_ipam_pool_id": null,
            "ipv4_netmask_length": null,
            "ipv6_association_id": "",
            "ipv6_cidr_block": "",
            "ipv6_cidr_block_network_border_group": "",
            "ipv6_ipam_pool_id": "",
            "ipv6_netmask_length": 0,
            "main_route_table_id": "rtb-035467485e62ef447",
            "owner_id": "344515950067",
            "tags": {
              "Name": "CloudGoat VPC"
            },
            "tags_all": {
              "Name": "CloudGoat VPC"
            }
          },
          "sensitive_attributes": [],
          "private": "eyJzY2hlbWFfdmVyc2lvbiI6IjEifQ=="
        }
      ]
    },
    {
      "mode": "managed",
      "type": "tls_private_key",
      "name": "ssh_key",
      "provider": "provider[\"registry.terraform.io/hashicorp/tls\"]",
      "instances": [
        {
          "schema_version": 1,
          "attributes": {
            "algorithm": "RSA",
            "ecdsa_curve": "P224",
            "id": "6b52e3586b8b8c81220df36e11b9d6505f25e0ce",
            "private_key_openssh": "-----BEGIN OPENSSH PRIVATE KEY-----\nb3BlbnNzaC1rZXktdjEAAAAABG5vbmUAAAAEbm9uZQAAAAAAAAABAAACFwAAAAdz\nc2gtcnNhAAAAAwEAAQAAAgEAmGpGNYZOrkqOgWJxAgVUBfe5SMdeT2Ixr6uVdCYy\nvYb34Elkut2zkcR6SMre6KGDsymn6t8qcaQGRbesY49SFDRbJ0z2aCAAtnVUXEEU\nszRzj4gyuw1kgy/pdlSKcdiHjTLC2GSA9+2xTQKHELUCE4wa/OxQn0jYzs4LUb7K\n02j+lrv/sZie6dyEPS8g24H6QZ8Pi20/C7iMkB8NPS5Ngv9n55ZhvcF2Xi76JTDl\n5nPP9cveSELqLPU9pnfzJIW2PuyHSJPb9naRGook4K4GCC3uriSLfi/3Gd3PRdPN\nvLg7TJ138+l5SNuwbQFMy7p0Rxz1ljR+sVSG+1DdqLVJAf259MM09/AfeLZwvmty\njBZcjm2Svb84MGUOiv+cO4XGIurwAS2EmNZbY5jwgIyLc7FtjdiedoTiMMRT3vdB\ntIldRUzmiVyDIOamJDx5+kS12Zwm3zbfv14RBy4qPHVy+BkGAnLpakQfJu9rytbs\nsIlBANEIj1TJn53w1rSx2hZTW3qjf4NaLDzo9DqWDpq+KiDlKXr/n5yWzKvXMWjo\n0iY2VTTU3HTrLx/853MjGHZZf7UataR7Ef1m/yJPWhsbpRN0bAmGbhzn42z0iKzc\nOrz6xBPevh3GHD8WHpX2npo34uEcwYeVWJcfWES/SMXqPNDs8Et06nj6C7v5qPxN\n8K0AAAc4DFSamAxUmpgAAAAHc3NoLXJzYQAAAgEAmGpGNYZOrkqOgWJxAgVUBfe5\nSMdeT2Ixr6uVdCYyvYb34Elkut2zkcR6SMre6KGDsymn6t8qcaQGRbesY49SFDRb\nJ0z2aCAAtnVUXEEUszRzj4gyuw1kgy/pdlSKcdiHjTLC2GSA9+2xTQKHELUCE4wa\n/OxQn0jYzs4LUb7K02j+lrv/sZie6dyEPS8g24H6QZ8Pi20/C7iMkB8NPS5Ngv9n\n55ZhvcF2Xi76JTDl5nPP9cveSELqLPU9pnfzJIW2PuyHSJPb9naRGook4K4GCC3u\nriSLfi/3Gd3PRdPNvLg7TJ138+l5SNuwbQFMy7p0Rxz1ljR+sVSG+1DdqLVJAf25\n9MM09/AfeLZwvmtyjBZcjm2Svb84MGUOiv+cO4XGIurwAS2EmNZbY5jwgIyLc7Ft\njdiedoTiMMRT3vdBtIldRUzmiVyDIOamJDx5+kS12Zwm3zbfv14RBy4qPHVy+BkG\nAnLpakQfJu9rytbssIlBANEIj1TJn53w1rSx2hZTW3qjf4NaLDzo9DqWDpq+KiDl\nKXr/n5yWzKvXMWjo0iY2VTTU3HTrLx/853MjGHZZf7UataR7Ef1m/yJPWhsbpRN0\nbAmGbhzn42z0iKzcOrz6xBPevh3GHD8WHpX2npo34uEcwYeVWJcfWES/SMXqPNDs\n8Et06nj6C7v5qPxN8K0AAAADAQABAAACADlcBYAvQ30kYe0fdxgjmTOFvx08qqmF\nct2B3YUQuxfIq5ClDlulA+df4gVzE+DIqB/NFXy27+pEqHekYCQ309P2wDdSJ4mY\nQaxpC46Mj5XBr5vczfrHV4Rni50Uw+WEb78b02hMqpyjv44T3XDULivdFmsJJG5N\npApwUKI7A2n8oZNovRnBLk0kyD+edOcnS19W1SrLumZW1c+HYBweSN178UaeuboI\nDNv1If7NIDhSbXk7eDQJusego8r6aW7dQ3D64w7VVnqytHkgdDB6TZrWbnTrG/Qp\naP07FL5ar5rOWsLCoFoTC6n3w7XCP3yMdyYsJ+CXcPabsRDzpffQAeFBRQW+oRyh\n3sd8EY2UR8PkNVGsCRXQN1E/9Ua11Q1+sU1ltzWZhz7sKFb1ymSzH6eQ0Znw9p3T\nUwPVvjvsNujb9pM9KJOTTMmFpj3Drh+NF5TjiqAG2MeW6bn0qT0tz5q3m3Lo7DKR\nHru3qo81ig56yaPHHWQOBDDt36P/PTZ1RpTxbNymiHyT0Roq3VrqisdohhcMxP8h\nngXqrbUptsvdvrU3loPrrHmUMT8xojVbQsFCyssbjBUDmyDIoqRQheDRuIrvly3u\n2nucoaFOSwg65PuOzUuPKDzSsedWa4GrmCl9qrM8o3hQJhbyUijbHTR6hDfBGilF\nJjel3259i3mhAAABAGNl4ue58OZTYTTiV8SC0J6jxqe4nt5BdHijxSnVO+kNTp1n\ngBmKnLFOjGEirYSbMVC2dBEOmyiYCBucuT6FeBIqLj2VUtAsq4im4kOFX3OLueR6\nJrYOGQ4MOMq//pv45PHyqbf4Srj5AZ+GzU1Z64JpUpDETo9ik00+jBHLkhpQw9Rx\n/fwfuqXgQw3y4niCP3cj8JR1TZwNfuEecsMCbZG6O22sa2RDY2Yh5k8icdL7W2xB\np9u1amniRIENWW+aT92Yp6a04aHT8ysVLPkUXoN9bvVuqti3mrV+uBnLRSzovoYk\n3JkuxW8tjFBSL/4JpovZVTa85QkU01odHKvmwwYAAAEBAMb82JxKlRB50MiPm4Bz\nA6M59L+g+M+ndaD4Ftw2My9XMdGrVs5fy8onqJDUyoWEyc+uj4zWg23jGDOX6618\nAAIE3DidokI0EaShapj1KBPTP6v+yeZYnXX8humnO0OVEej1EDcsoLPmJQNpr8uj\nNghCAoAKC5ezPCPq1FHjgvurYzg3N3GcRzF2XagFAmg8pUgSvL7Ag+FLSZ/n8Qly\nTH5zJJFj1d6CEIlad7VMBtgDyzCsNeeQoXPywjh5HWcekC2k7dMV1Pg4w+TmDHBX\n5BEd1JGweQVAvHl92qfrbONTYck0DcONCC/rWY2a4DgQeBfJr0zaldkn0rIUgm7k\nL8MAAAEBAMQVeHM8zp+XRtSgL2VWeEytSt0/Dn4AexW6NuiR7JCSMIxkL0388GK7\nthGksdGBcijlU8vmWnMTHcnsrNklZJ5E58DghNS4jF4rjPIH0X5IoctLK6LO5EwK\nsZuVViaGNSnGRU6YjCUCfFVmF7i8cRIPCMVmBxDzhj9PpJEgpyAATArvqhl+bEQE\n6yUhTeE80/IshfLXmt/G/cQ8pIU0CQ3euinrzLBQUfsUKSGNQqLRTH+oEJHpWrOi\nhsbCltjqt3yBuRVz3MFJIR5MHpKUi8C75z+o+P0UZ2F3ce2um619keOixsmxPa62\ns/qOVFJVfw8Sn4Rv3+IBlimf2nCURs8AAAAAAQID\n-----END OPENSSH PRIVATE KEY-----\n",
            "private_key_pem": "-----BEGIN RSA PRIVATE KEY-----\nMIIJKAIBAAKCAgEAmGpGNYZOrkqOgWJxAgVUBfe5SMdeT2Ixr6uVdCYyvYb34Elk\nut2zkcR6SMre6KGDsymn6t8qcaQGRbesY49SFDRbJ0z2aCAAtnVUXEEUszRzj4gy\nuw1kgy/pdlSKcdiHjTLC2GSA9+2xTQKHELUCE4wa/OxQn0jYzs4LUb7K02j+lrv/\nsZie6dyEPS8g24H6QZ8Pi20/C7iMkB8NPS5Ngv9n55ZhvcF2Xi76JTDl5nPP9cve\nSELqLPU9pnfzJIW2PuyHSJPb9naRGook4K4GCC3uriSLfi/3Gd3PRdPNvLg7TJ13\n8+l5SNuwbQFMy7p0Rxz1ljR+sVSG+1DdqLVJAf259MM09/AfeLZwvmtyjBZcjm2S\nvb84MGUOiv+cO4XGIurwAS2EmNZbY5jwgIyLc7FtjdiedoTiMMRT3vdBtIldRUzm\niVyDIOamJDx5+kS12Zwm3zbfv14RBy4qPHVy+BkGAnLpakQfJu9rytbssIlBANEI\nj1TJn53w1rSx2hZTW3qjf4NaLDzo9DqWDpq+KiDlKXr/n5yWzKvXMWjo0iY2VTTU\n3HTrLx/853MjGHZZf7UataR7Ef1m/yJPWhsbpRN0bAmGbhzn42z0iKzcOrz6xBPe\nvh3GHD8WHpX2npo34uEcwYeVWJcfWES/SMXqPNDs8Et06nj6C7v5qPxN8K0CAwEA\nAQKCAgA5XAWAL0N9JGHtH3cYI5kzhb8dPKqphXLdgd2FELsXyKuQpQ5bpQPnX+IF\ncxPgyKgfzRV8tu/qRKh3pGAkN9PT9sA3UieJmEGsaQuOjI+Vwa+b3M36x1eEZ4ud\nFMPlhG+/G9NoTKqco7+OE91w1C4r3RZrCSRuTaQKcFCiOwNp/KGTaL0ZwS5NJMg/\nnnTnJ0tfVtUqy7pmVtXPh2AcHkjde/FGnrm6CAzb9SH+zSA4Um15O3g0CbrHoKPK\n+mlu3UNw+uMO1VZ6srR5IHQwek2a1m506xv0KWj9OxS+Wq+azlrCwqBaEwup98O1\nwj98jHcmLCfgl3D2m7EQ86X30AHhQUUFvqEcod7HfBGNlEfD5DVRrAkV0DdRP/VG\ntdUNfrFNZbc1mYc+7ChW9cpksx+nkNGZ8Pad01MD1b477Dbo2/aTPSiTk0zJhaY9\nw64fjReU44qgBtjHlum59Kk9Lc+at5ty6OwykR67t6qPNYoOesmjxx1kDgQw7d+j\n/z02dUaU8Wzcpoh8k9EaKt1a6orHaIYXDMT/IZ4F6q21KbbL3b61N5aD66x5lDE/\nMaI1W0LBQsrLG4wVA5sgyKKkUIXg0biK75ct7tp7nKGhTksIOuT7js1Ljyg80rHn\nVmuBq5gpfaqzPKN4UCYW8lIo2x00eoQ3wRopRSY3pd9ufYt5oQKCAQEAxvzYnEqV\nEHnQyI+bgHMDozn0v6D4z6d1oPgW3DYzL1cx0atWzl/LyieokNTKhYTJz66PjNaD\nbeMYM5frrXwAAgTcOJ2iQjQRpKFqmPUoE9M/q/7J5liddfyG6ac7Q5UR6PUQNyyg\ns+YlA2mvy6M2CEICgAoLl7M8I+rUUeOC+6tjODc3cZxHMXZdqAUCaDylSBK8vsCD\n4UtJn+fxCXJMfnMkkWPV3oIQiVp3tUwG2APLMKw155Chc/LCOHkdZx6QLaTt0xXU\n+DjD5OYMcFfkER3UkbB5BUC8eX3ap+ts41NhyTQNw40IL+tZjZrgOBB4F8mvTNqV\n2SfSshSCbuQvwwKCAQEAxBV4czzOn5dG1KAvZVZ4TK1K3T8OfgB7Fbo26JHskJIw\njGQvTfzwYru2EaSx0YFyKOVTy+ZacxMdyeys2SVknkTnwOCE1LiMXiuM8gfRfkih\ny0sros7kTAqxm5VWJoY1KcZFTpiMJQJ8VWYXuLxxEg8IxWYHEPOGP0+kkSCnIABM\nCu+qGX5sRATrJSFN4TzT8iyF8tea38b9xDykhTQJDd66KevMsFBR+xQpIY1CotFM\nf6gQkelas6KGxsKW2Oq3fIG5FXPcwUkhHkwekpSLwLvnP6j4/RRnYXdx7a6brX2R\n46LGybE9rraz+o5UUlV/DxKfhG/f4gGWKZ/acJRGzwKCAQBEiy5WT/6fCUcY/xbS\nnUvAeyNKqzlp1kZXp33AZ08kXIXFsp6ZQjhhr12KXjJQ4dfemUPLgM0PGi3o/8jo\nHpGmIGR3gB03btYw/oVIoRIoGhmRtpd3qEi9LrqOW9O3SO89bsUiLFZDAeD4Fvy+\nSb9AAvT3g/5QSCZMPQTcHGGvLW9lGugXU3zWle5XBTq6C0Hn3MR1dL046wU2dt/5\noAyndiQ/jMNL/UOS/L3FjqXA3TWt03RSCukClrm+WEH/lnCVuH1Pu/J7eppIC9J3\nFF90YfEqKj7Vx2Hk+6xJMXh1qfBCLZMcLEWItCpJ8/KOfWXQ0+F1uMnrXqNeQmBX\nsHSfAoIBAQCl3v/Ag+zKJf8d+M9/KxGi02kkFaZdwmxcqeSvAloaxf/ZkxpNH639\n54qSDD772kPHAo/LSXa0J7SoTtS88BvYorNlfsf+5oqfUrntN93otOpg/ZrRI7EN\n/nHWChMRjbBFQVr5rKPI3vxshWuFs6r2us8RpUhO96JVxjqRJg0aTgYFrk23OTG+\nrGZ6R10JLxqfnzhEgEycBko/CYmmwKj0Gbhjo/vIHnnrKlfM8SEweFr9Fh/GPp+i\nm9blJlDS+GL1KQt3cUaKHyGr7npiRtSd2pY5TOgrtmnpklBG3tEEhte1t8nvbkae\nmCFRz7rW10ofZwKX1seN+Qec+IOhfl0TAoIBAGNl4ue58OZTYTTiV8SC0J6jxqe4\nnt5BdHijxSnVO+kNTp1ngBmKnLFOjGEirYSbMVC2dBEOmyiYCBucuT6FeBIqLj2V\nUtAsq4im4kOFX3OLueR6JrYOGQ4MOMq//pv45PHyqbf4Srj5AZ+GzU1Z64JpUpDE\nTo9ik00+jBHLkhpQw9Rx/fwfuqXgQw3y4niCP3cj8JR1TZwNfuEecsMCbZG6O22s\na2RDY2Yh5k8icdL7W2xBp9u1amniRIENWW+aT92Yp6a04aHT8ysVLPkUXoN9bvVu\nqti3mrV+uBnLRSzovoYk3JkuxW8tjFBSL/4JpovZVTa85QkU01odHKvmwwY=\n-----END RSA PRIVATE KEY-----\n",
            "private_key_pem_pkcs8": "-----BEGIN PRIVATE KEY-----\nMIIJQgIBADANBgkqhkiG9w0BAQEFAASCCSwwggkoAgEAAoICAQCYakY1hk6uSo6B\nYnECBVQF97lIx15PYjGvq5V0JjK9hvfgSWS63bORxHpIyt7ooYOzKafq3ypxpAZF\nt6xjj1IUNFsnTPZoIAC2dVRcQRSzNHOPiDK7DWSDL+l2VIpx2IeNMsLYZID37bFN\nAocQtQITjBr87FCfSNjOzgtRvsrTaP6Wu/+xmJ7p3IQ9LyDbgfpBnw+LbT8LuIyQ\nHw09Lk2C/2fnlmG9wXZeLvolMOXmc8/1y95IQuos9T2md/MkhbY+7IdIk9v2dpEa\niiTgrgYILe6uJIt+L/cZ3c9F0828uDtMnXfz6XlI27BtAUzLunRHHPWWNH6xVIb7\nUN2otUkB/bn0wzT38B94tnC+a3KMFlyObZK9vzgwZQ6K/5w7hcYi6vABLYSY1ltj\nmPCAjItzsW2N2J52hOIwxFPe90G0iV1FTOaJXIMg5qYkPHn6RLXZnCbfNt+/XhEH\nLio8dXL4GQYCculqRB8m72vK1uywiUEA0QiPVMmfnfDWtLHaFlNbeqN/g1osPOj0\nOpYOmr4qIOUpev+fnJbMq9cxaOjSJjZVNNTcdOsvH/zncyMYdll/tRq1pHsR/Wb/\nIk9aGxulE3RsCYZuHOfjbPSIrNw6vPrEE96+HcYcPxYelfaemjfi4RzBh5VYlx9Y\nRL9Ixeo80OzwS3TqePoLu/mo/E3wrQIDAQABAoICADlcBYAvQ30kYe0fdxgjmTOF\nvx08qqmFct2B3YUQuxfIq5ClDlulA+df4gVzE+DIqB/NFXy27+pEqHekYCQ309P2\nwDdSJ4mYQaxpC46Mj5XBr5vczfrHV4Rni50Uw+WEb78b02hMqpyjv44T3XDULivd\nFmsJJG5NpApwUKI7A2n8oZNovRnBLk0kyD+edOcnS19W1SrLumZW1c+HYBweSN17\n8UaeuboIDNv1If7NIDhSbXk7eDQJusego8r6aW7dQ3D64w7VVnqytHkgdDB6TZrW\nbnTrG/QpaP07FL5ar5rOWsLCoFoTC6n3w7XCP3yMdyYsJ+CXcPabsRDzpffQAeFB\nRQW+oRyh3sd8EY2UR8PkNVGsCRXQN1E/9Ua11Q1+sU1ltzWZhz7sKFb1ymSzH6eQ\n0Znw9p3TUwPVvjvsNujb9pM9KJOTTMmFpj3Drh+NF5TjiqAG2MeW6bn0qT0tz5q3\nm3Lo7DKRHru3qo81ig56yaPHHWQOBDDt36P/PTZ1RpTxbNymiHyT0Roq3Vrqisdo\nhhcMxP8hngXqrbUptsvdvrU3loPrrHmUMT8xojVbQsFCyssbjBUDmyDIoqRQheDR\nuIrvly3u2nucoaFOSwg65PuOzUuPKDzSsedWa4GrmCl9qrM8o3hQJhbyUijbHTR6\nhDfBGilFJjel3259i3mhAoIBAQDG/NicSpUQedDIj5uAcwOjOfS/oPjPp3Wg+Bbc\nNjMvVzHRq1bOX8vKJ6iQ1MqFhMnPro+M1oNt4xgzl+utfAACBNw4naJCNBGkoWqY\n9SgT0z+r/snmWJ11/IbppztDlRHo9RA3LKCz5iUDaa/LozYIQgKACguXszwj6tRR\n44L7q2M4NzdxnEcxdl2oBQJoPKVIEry+wIPhS0mf5/EJckx+cySRY9XeghCJWne1\nTAbYA8swrDXnkKFz8sI4eR1nHpAtpO3TFdT4OMPk5gxwV+QRHdSRsHkFQLx5fdqn\n62zjU2HJNA3DjQgv61mNmuA4EHgXya9M2pXZJ9KyFIJu5C/DAoIBAQDEFXhzPM6f\nl0bUoC9lVnhMrUrdPw5+AHsVujbokeyQkjCMZC9N/PBiu7YRpLHRgXIo5VPL5lpz\nEx3J7KzZJWSeROfA4ITUuIxeK4zyB9F+SKHLSyuizuRMCrGblVYmhjUpxkVOmIwl\nAnxVZhe4vHESDwjFZgcQ84Y/T6SRIKcgAEwK76oZfmxEBOslIU3hPNPyLIXy15rf\nxv3EPKSFNAkN3rop68ywUFH7FCkhjUKi0Ux/qBCR6VqzoobGwpbY6rd8gbkVc9zB\nSSEeTB6SlIvAu+c/qPj9FGdhd3HtrputfZHjosbJsT2utrP6jlRSVX8PEp+Eb9/i\nAZYpn9pwlEbPAoIBAESLLlZP/p8JRxj/FtKdS8B7I0qrOWnWRlenfcBnTyRchcWy\nnplCOGGvXYpeMlDh196ZQ8uAzQ8aLej/yOgekaYgZHeAHTdu1jD+hUihEigaGZG2\nl3eoSL0uuo5b07dI7z1uxSIsVkMB4PgW/L5Jv0AC9PeD/lBIJkw9BNwcYa8tb2Ua\n6BdTfNaV7lcFOroLQefcxHV0vTjrBTZ23/mgDKd2JD+Mw0v9Q5L8vcWOpcDdNa3T\ndFIK6QKWub5YQf+WcJW4fU+78nt6mkgL0ncUX3Rh8SoqPtXHYeT7rEkxeHWp8EIt\nkxwsRYi0Kknz8o59ZdDT4XW4yeteo15CYFewdJ8CggEBAKXe/8CD7Mol/x34z38r\nEaLTaSQVpl3CbFyp5K8CWhrF/9mTGk0frf3nipIMPvvaQ8cCj8tJdrQntKhO1Lzw\nG9iis2V+x/7mip9Sue033ei06mD9mtEjsQ3+cdYKExGNsEVBWvmso8je/GyFa4Wz\nqva6zxGlSE73olXGOpEmDRpOBgWuTbc5Mb6sZnpHXQkvGp+fOESATJwGSj8JiabA\nqPQZuGOj+8geeesqV8zxITB4Wv0WH8Y+n6Kb1uUmUNL4YvUpC3dxRoofIavuemJG\n1J3aljlM6Cu2aemSUEbe0QSG17W3ye9uRp6YIVHPutbXSh9nApfWx435B5z4g6F+\nXRMCggEAY2Xi57nw5lNhNOJXxILQnqPGp7ie3kF0eKPFKdU76Q1OnWeAGYqcsU6M\nYSKthJsxULZ0EQ6bKJgIG5y5PoV4EiouPZVS0CyriKbiQ4Vfc4u55Homtg4ZDgw4\nyr/+m/jk8fKpt/hKuPkBn4bNTVnrgmlSkMROj2KTTT6MEcuSGlDD1HH9/B+6peBD\nDfLieII/dyPwlHVNnA1+4R5ywwJtkbo7baxrZENjZiHmTyJx0vtbbEGn27VqaeJE\ngQ1Zb5pP3ZinprThodPzKxUs+RReg31u9W6q2LeatX64GctFLOi+hiTcmS7Fby2M\nUFIv/gmmi9lVNrzlCRTTWh0cq+bDBg==\n-----END PRIVATE KEY-----\n",
            "public_key_fingerprint_md5": "e0:80:cb:ab:4b:5b:08:7f:3f:08:2a:f8:1d:e2:1c:52",
            "public_key_fingerprint_sha256": "SHA256:+tdq+3sgRlVg/n/RCY2EWAo5StAnaPzr9VwgyiHLdtk",
            "public_key_openssh": "ssh-rsa AAAAB3NzaC1yc2EAAAADAQABAAACAQCYakY1hk6uSo6BYnECBVQF97lIx15PYjGvq5V0JjK9hvfgSWS63bORxHpIyt7ooYOzKafq3ypxpAZFt6xjj1IUNFsnTPZoIAC2dVRcQRSzNHOPiDK7DWSDL+l2VIpx2IeNMsLYZID37bFNAocQtQITjBr87FCfSNjOzgtRvsrTaP6Wu/+xmJ7p3IQ9LyDbgfpBnw+LbT8LuIyQHw09Lk2C/2fnlmG9wXZeLvolMOXmc8/1y95IQuos9T2md/MkhbY+7IdIk9v2dpEaiiTgrgYILe6uJIt+L/cZ3c9F0828uDtMnXfz6XlI27BtAUzLunRHHPWWNH6xVIb7UN2otUkB/bn0wzT38B94tnC+a3KMFlyObZK9vzgwZQ6K/5w7hcYi6vABLYSY1ltjmPCAjItzsW2N2J52hOIwxFPe90G0iV1FTOaJXIMg5qYkPHn6RLXZnCbfNt+/XhEHLio8dXL4GQYCculqRB8m72vK1uywiUEA0QiPVMmfnfDWtLHaFlNbeqN/g1osPOj0OpYOmr4qIOUpev+fnJbMq9cxaOjSJjZVNNTcdOsvH/zncyMYdll/tRq1pHsR/Wb/Ik9aGxulE3RsCYZuHOfjbPSIrNw6vPrEE96+HcYcPxYelfaemjfi4RzBh5VYlx9YRL9Ixeo80OzwS3TqePoLu/mo/E3wrQ==\n",
            "public_key_pem": "-----BEGIN PUBLIC KEY-----\nMIICIjANBgkqhkiG9w0BAQEFAAOCAg8AMIICCgKCAgEAmGpGNYZOrkqOgWJxAgVU\nBfe5SMdeT2Ixr6uVdCYyvYb34Elkut2zkcR6SMre6KGDsymn6t8qcaQGRbesY49S\nFDRbJ0z2aCAAtnVUXEEUszRzj4gyuw1kgy/pdlSKcdiHjTLC2GSA9+2xTQKHELUC\nE4wa/OxQn0jYzs4LUb7K02j+lrv/sZie6dyEPS8g24H6QZ8Pi20/C7iMkB8NPS5N\ngv9n55ZhvcF2Xi76JTDl5nPP9cveSELqLPU9pnfzJIW2PuyHSJPb9naRGook4K4G\nCC3uriSLfi/3Gd3PRdPNvLg7TJ138+l5SNuwbQFMy7p0Rxz1ljR+sVSG+1DdqLVJ\nAf259MM09/AfeLZwvmtyjBZcjm2Svb84MGUOiv+cO4XGIurwAS2EmNZbY5jwgIyL\nc7FtjdiedoTiMMRT3vdBtIldRUzmiVyDIOamJDx5+kS12Zwm3zbfv14RBy4qPHVy\n+BkGAnLpakQfJu9rytbssIlBANEIj1TJn53w1rSx2hZTW3qjf4NaLDzo9DqWDpq+\nKiDlKXr/n5yWzKvXMWjo0iY2VTTU3HTrLx/853MjGHZZf7UataR7Ef1m/yJPWhsb\npRN0bAmGbhzn42z0iKzcOrz6xBPevh3GHD8WHpX2npo34uEcwYeVWJcfWES/SMXq\nPNDs8Et06nj6C7v5qPxN8K0CAwEAAQ==\n-----END PUBLIC KEY-----\n",
            "rsa_bits": 4096
          },
          "sensitive_attributes": []
        }
      ]
    }
  ],
  "check_results": null
}
